// !$*UTF8*$!
{
	archiveVersion = 1;
	classes = {
	};
	objectVersion = 50;
	objects = {

/* Begin PBXBuildFile section */
		8F61624424ACE8C000EE5E68 /* DetailViewController.swift in Sources */ = {isa = PBXBuildFile; fileRef = 8F61624324ACE8C000EE5E68 /* DetailViewController.swift */; };
		8F61624C24AE0CE700EE5E68 /* Note.swift in Sources */ = {isa = PBXBuildFile; fileRef = 8F61624B24AE0CE700EE5E68 /* Note.swift */; };
		8F61625324AE12CD00EE5E68 /* TableViewCell.swift in Sources */ = {isa = PBXBuildFile; fileRef = 8F61625124AE12CD00EE5E68 /* TableViewCell.swift */; };
		8F61625424AE12CD00EE5E68 /* TableViewCell.xib in Resources */ = {isa = PBXBuildFile; fileRef = 8F61625224AE12CD00EE5E68 /* TableViewCell.xib */; };
		8F7259BC24ABFF5D002EF3EB /* AppDelegate.swift in Sources */ = {isa = PBXBuildFile; fileRef = 8F7259BB24ABFF5D002EF3EB /* AppDelegate.swift */; };
		8F7259BE24ABFF5D002EF3EB /* SceneDelegate.swift in Sources */ = {isa = PBXBuildFile; fileRef = 8F7259BD24ABFF5D002EF3EB /* SceneDelegate.swift */; };
		8F7259C024ABFF5D002EF3EB /* ViewController.swift in Sources */ = {isa = PBXBuildFile; fileRef = 8F7259BF24ABFF5D002EF3EB /* ViewController.swift */; };
		8F7259C324ABFF5D002EF3EB /* Main.storyboard in Resources */ = {isa = PBXBuildFile; fileRef = 8F7259C124ABFF5D002EF3EB /* Main.storyboard */; };
		8F7259C524ABFF61002EF3EB /* Assets.xcassets in Resources */ = {isa = PBXBuildFile; fileRef = 8F7259C424ABFF61002EF3EB /* Assets.xcassets */; };
		8F7259C824ABFF61002EF3EB /* LaunchScreen.storyboard in Resources */ = {isa = PBXBuildFile; fileRef = 8F7259C624ABFF61002EF3EB /* LaunchScreen.storyboard */; };
/* End PBXBuildFile section */

/* Begin PBXFileReference section */
		8F61624324ACE8C000EE5E68 /* DetailViewController.swift */ = {isa = PBXFileReference; lastKnownFileType = sourcecode.swift; path = DetailViewController.swift; sourceTree = "<group>"; };
		8F61624B24AE0CE700EE5E68 /* Note.swift */ = {isa = PBXFileReference; lastKnownFileType = sourcecode.swift; path = Note.swift; sourceTree = "<group>"; };
		8F61625124AE12CD00EE5E68 /* TableViewCell.swift */ = {isa = PBXFileReference; lastKnownFileType = sourcecode.swift; path = TableViewCell.swift; sourceTree = "<group>"; };
		8F61625224AE12CD00EE5E68 /* TableViewCell.xib */ = {isa = PBXFileReference; lastKnownFileType = file.xib; path = TableViewCell.xib; sourceTree = "<group>"; };
		8F7259B824ABFF5D002EF3EB /* Notes Clone.app */ = {isa = PBXFileReference; explicitFileType = wrapper.application; includeInIndex = 0; path = "Notes Clone.app"; sourceTree = BUILT_PRODUCTS_DIR; };
		8F7259BB24ABFF5D002EF3EB /* AppDelegate.swift */ = {isa = PBXFileReference; lastKnownFileType = sourcecode.swift; path = AppDelegate.swift; sourceTree = "<group>"; };
		8F7259BD24ABFF5D002EF3EB /* SceneDelegate.swift */ = {isa = PBXFileReference; lastKnownFileType = sourcecode.swift; path = SceneDelegate.swift; sourceTree = "<group>"; };
		8F7259BF24ABFF5D002EF3EB /* ViewController.swift */ = {isa = PBXFileReference; lastKnownFileType = sourcecode.swift; path = ViewController.swift; sourceTree = "<group>"; };
		8F7259C224ABFF5D002EF3EB /* Base */ = {isa = PBXFileReference; lastKnownFileType = file.storyboard; name = Base; path = Base.lproj/Main.storyboard; sourceTree = "<group>"; };
		8F7259C424ABFF61002EF3EB /* Assets.xcassets */ = {isa = PBXFileReference; lastKnownFileType = folder.assetcatalog; path = Assets.xcassets; sourceTree = "<group>"; };
		8F7259C724ABFF61002EF3EB /* Base */ = {isa = PBXFileReference; lastKnownFileType = file.storyboard; name = Base; path = Base.lproj/LaunchScreen.storyboard; sourceTree = "<group>"; };
		8F7259C924ABFF61002EF3EB /* Info.plist */ = {isa = PBXFileReference; lastKnownFileType = text.plist.xml; path = Info.plist; sourceTree = "<group>"; };
/* End PBXFileReference section */

/* Begin PBXFrameworksBuildPhase section */
		8F7259B524ABFF5D002EF3EB /* Frameworks */ = {
			isa = PBXFrameworksBuildPhase;
			buildActionMask = 2147483647;
			files = (
			);
			runOnlyForDeploymentPostprocessing = 0;
		};
/* End PBXFrameworksBuildPhase section */

/* Begin PBXGroup section */
		8F7259AF24ABFF5D002EF3EB = {
			isa = PBXGroup;
			children = (
				8F7259BA24ABFF5D002EF3EB /* Notes Clone */,
				8F7259B924ABFF5D002EF3EB /* Products */,
			);
			sourceTree = "<group>";
		};
		8F7259B924ABFF5D002EF3EB /* Products */ = {
			isa = PBXGroup;
			children = (
				8F7259B824ABFF5D002EF3EB /* Notes Clone.app */,
			);
			name = Products;
			sourceTree = "<group>";
		};
		8F7259BA24ABFF5D002EF3EB /* Notes Clone */ = {
			isa = PBXGroup;
			children = (
				8F7259BB24ABFF5D002EF3EB /* AppDelegate.swift */,
				8F7259BD24ABFF5D002EF3EB /* SceneDelegate.swift */,
				8F7259BF24ABFF5D002EF3EB /* ViewController.swift */,
				8F7259C124ABFF5D002EF3EB /* Main.storyboard */,
				8F61625124AE12CD00EE5E68 /* TableViewCell.swift */,
				8F61625224AE12CD00EE5E68 /* TableViewCell.xib */,
				8F61624324ACE8C000EE5E68 /* DetailViewController.swift */,
				8F61624B24AE0CE700EE5E68 /* Note.swift */,
				8F7259C424ABFF61002EF3EB /* Assets.xcassets */,
				8F7259C624ABFF61002EF3EB /* LaunchScreen.storyboard */,
				8F7259C924ABFF61002EF3EB /* Info.plist */,
			);
			path = "Notes Clone";
			sourceTree = "<group>";
		};
/* End PBXGroup section */

/* Begin PBXNativeTarget section */
		8F7259B724ABFF5D002EF3EB /* Notes Clone */ = {
			isa = PBXNativeTarget;
			buildConfigurationList = 8F7259CC24ABFF61002EF3EB /* Build configuration list for PBXNativeTarget "Notes Clone" */;
			buildPhases = (
				8F7259B424ABFF5D002EF3EB /* Sources */,
				8F7259B524ABFF5D002EF3EB /* Frameworks */,
				8F7259B624ABFF5D002EF3EB /* Resources */,
			);
			buildRules = (
			);
			dependencies = (
			);
			name = "Notes Clone";
			productName = "Notes Clone";
			productReference = 8F7259B824ABFF5D002EF3EB /* Notes Clone.app */;
			productType = "com.apple.product-type.application";
		};
/* End PBXNativeTarget section */

/* Begin PBXProject section */
		8F7259B024ABFF5D002EF3EB /* Project object */ = {
			isa = PBXProject;
			attributes = {
				LastSwiftUpdateCheck = 1150;
				LastUpgradeCheck = 1150;
				ORGANIZATIONNAME = "Simerpreet singh Jassal";
				TargetAttributes = {
					8F7259B724ABFF5D002EF3EB = {
						CreatedOnToolsVersion = 11.5;
					};
				};
			};
			buildConfigurationList = 8F7259B324ABFF5D002EF3EB /* Build configuration list for PBXProject "Notes Clone" */;
			compatibilityVersion = "Xcode 9.3";
			developmentRegion = en;
			hasScannedForEncodings = 0;
			knownRegions = (
				en,
				Base,
			);
			mainGroup = 8F7259AF24ABFF5D002EF3EB;
			productRefGroup = 8F7259B924ABFF5D002EF3EB /* Products */;
			projectDirPath = "";
			projectRoot = "";
			targets = (
				8F7259B724ABFF5D002EF3EB /* Notes Clone */,
			);
		};
/* End PBXProject section */

/* Begin PBXResourcesBuildPhase section */
		8F7259B624ABFF5D002EF3EB /* Resources */ = {
			isa = PBXResourcesBuildPhase;
			buildActionMask = 2147483647;
			files = (
				8F7259C824ABFF61002EF3EB /* LaunchScreen.storyboard in Resources */,
				8F61625424AE12CD00EE5E68 /* TableViewCell.xib in Resources */,
				8F7259C524ABFF61002EF3EB /* Assets.xcassets in Resources */,
				8F7259C324ABFF5D002EF3EB /* Main.storyboard in Resources */,
			);
			runOnlyForDeploymentPostprocessing = 0;
		};
/* End PBXResourcesBuildPhase section */

/* Begin PBXSourcesBuildPhase section */
		8F7259B424ABFF5D002EF3EB /* Sources */ = {
			isa = PBXSourcesBuildPhase;
			buildActionMask = 2147483647;
			files = (
				8F7259C024ABFF5D002EF3EB /* ViewController.swift in Sources */,
				8F61624C24AE0CE700EE5E68 /* Note.swift in Sources */,
				8F7259BC24ABFF5D002EF3EB /* AppDelegate.swift in Sources */,
				8F61625324AE12CD00EE5E68 /* TableViewCell.swift in Sources */,
				8F7259BE24ABFF5D002EF3EB /* SceneDelegate.swift in Sources */,
				8F61624424ACE8C000EE5E68 /* DetailViewController.swift in Sources */,
			);
			runOnlyForDeploymentPostprocessing = 0;
		};
/* End PBXSourcesBuildPhase section */

/* Begin PBXVariantGroup section */
		8F7259C124ABFF5D002EF3EB /* Main.storyboard */ = {
			isa = PBXVariantGroup;
			children = (
				8F7259C224ABFF5D002EF3EB /* Base */,
			);
			name = Main.storyboard;
			sourceTree = "<group>";
		};
		8F7259C624ABFF61002EF3EB /* LaunchScreen.storyboard */ = {
			isa = PBXVariantGroup;
			children = (
				8F7259C724ABFF61002EF3EB /* Base */,
			);
			name = LaunchScreen.storyboard;
			sourceTree = "<group>";
		};
/* End PBXVariantGroup section */

/* Begin XCBuildConfiguration section */
		8F7259CA24ABFF61002EF3EB /* Debug */ = {
			isa = XCBuildConfiguration;
			buildSettings = {
				ALWAYS_SEARCH_USER_PATHS = NO;
				CLANG_ANALYZER_NONNULL = YES;
				CLANG_ANALYZER_NUMBER_OBJECT_CONVERSION = YES_AGGRESSIVE;
				CLANG_CXX_LANGUAGE_STANDARD = "gnu++14";
				CLANG_CXX_LIBRARY = "libc++";
				CLANG_ENABLE_MODULES = YES;
				CLANG_ENABLE_OBJC_ARC = YES;
				CLANG_ENABLE_OBJC_WEAK = YES;
				CLANG_WARN_BLOCK_CAPTURE_AUTORELEASING = YES;
				CLANG_WARN_BOOL_CONVERSION = YES;
				CLANG_WARN_COMMA = YES;
				CLANG_WARN_CONSTANT_CONVERSION = YES;
				CLANG_WARN_DEPRECATED_OBJC_IMPLEMENTATIONS = YES;
				CLANG_WARN_DIRECT_OBJC_ISA_USAGE = YES_ERROR;
				CLANG_WARN_DOCUMENTATION_COMMENTS = YES;
				CLANG_WARN_EMPTY_BODY = YES;
				CLANG_WARN_ENUM_CONVERSION = YES;
				CLANG_WARN_INFINITE_RECURSION = YES;
				CLANG_WARN_INT_CONVERSION = YES;
				CLANG_WARN_NON_LITERAL_NULL_CONVERSION = YES;
				CLANG_WARN_OBJC_IMPLICIT_RETAIN_SELF = YES;
				CLANG_WARN_OBJC_LITERAL_CONVERSION = YES;
				CLANG_WARN_OBJC_ROOT_CLASS = YES_ERROR;
				CLANG_WARN_RANGE_LOOP_ANALYSIS = YES;
				CLANG_WARN_STRICT_PROTOTYPES = YES;
				CLANG_WARN_SUSPICIOUS_MOVE = YES;
				CLANG_WARN_UNGUARDED_AVAILABILITY = YES_AGGRESSIVE;
				CLANG_WARN_UNREACHABLE_CODE = YES;
				CLANG_WARN__DUPLICATE_METHOD_MATCH = YES;
				COPY_PHASE_STRIP = NO;
				DEBUG_INFORMATION_FORMAT = dwarf;
				ENABLE_STRICT_OBJC_MSGSEND = YES;
				ENABLE_TESTABILITY = YES;
				GCC_C_LANGUAGE_STANDARD = gnu11;
				GCC_DYNAMIC_NO_PIC = NO;
				GCC_NO_COMMON_BLOCKS = YES;
				GCC_OPTIMIZATION_LEVEL = 0;
				GCC_PREPROCESSOR_DEFINITIONS = (
					"DEBUG=1",
					"$(inherited)",
				);
				GCC_WARN_64_TO_32_BIT_CONVERSION = YES;
				GCC_WARN_ABOUT_RETURN_TYPE = YES_ERROR;
				GCC_WARN_UNDECLARED_SELECTOR = YES;
				GCC_WARN_UNINITIALIZED_AUTOS = YES_AGGRESSIVE;
				GCC_WARN_UNUSED_FUNCTION = YES;
				GCC_WARN_UNUSED_VARIABLE = YES;
				IPHONEOS_DEPLOYMENT_TARGET = 13.5;
				MTL_ENABLE_DEBUG_INFO = INCLUDE_SOURCE;
				MTL_FAST_MATH = YES;
				ONLY_ACTIVE_ARCH = YES;
				SDKROOT = iphoneos;
				SWIFT_ACTIVE_COMPILATION_CONDITIONS = DEBUG;
				SWIFT_OPTIMIZATION_LEVEL = "-Onone";
			};
			name = Debug;
		};
		8F7259CB24ABFF61002EF3EB /* Release */ = {
			isa = XCBuildConfiguration;
			buildSettings = {
				ALWAYS_SEARCH_USER_PATHS = NO;
				CLANG_ANALYZER_NONNULL = YES;
				CLANG_ANALYZER_NUMBER_OBJECT_CONVERSION = YES_AGGRESSIVE;
				CLANG_CXX_LANGUAGE_STANDARD = "gnu++14";
				CLANG_CXX_LIBRARY = "libc++";
				CLANG_ENABLE_MODULES = YES;
				CLANG_ENABLE_OBJC_ARC = YES;
				CLANG_ENABLE_OBJC_WEAK = YES;
				CLANG_WARN_BLOCK_CAPTURE_AUTORELEASING = YES;
				CLANG_WARN_BOOL_CONVERSION = YES;
				CLANG_WARN_COMMA = YES;
				CLANG_WARN_CONSTANT_CONVERSION = YES;
				CLANG_WARN_DEPRECATED_OBJC_IMPLEMENTATIONS = YES;
				CLANG_WARN_DIRECT_OBJC_ISA_USAGE = YES_ERROR;
				CLANG_WARN_DOCUMENTATION_COMMENTS = YES;
				CLANG_WARN_EMPTY_BODY = YES;
				CLANG_WARN_ENUM_CONVERSION = YES;
				CLANG_WARN_INFINITE_RECURSION = YES;
				CLANG_WARN_INT_CONVERSION = YES;
				CLANG_WARN_NON_LITERAL_NULL_CONVERSION = YES;
				CLANG_WARN_OBJC_IMPLICIT_RETAIN_SELF = YES;
				CLANG_WARN_OBJC_LITERAL_CONVERSION = YES;
				CLANG_WARN_OBJC_ROOT_CLASS = YES_ERROR;
				CLANG_WARN_RANGE_LOOP_ANALYSIS = YES;
				CLANG_WARN_STRICT_PROTOTYPES = YES;
				CLANG_WARN_SUSPICIOUS_MOVE = YES;
				CLANG_WARN_UNGUARDED_AVAILABILITY = YES_AGGRESSIVE;
				CLANG_WARN_UNREACHABLE_CODE = YES;
				CLANG_WARN__DUPLICATE_METHOD_MATCH = YES;
				COPY_PHASE_STRIP = NO;
				DEBUG_INFORMATION_FORMAT = "dwarf-with-dsym";
				ENABLE_NS_ASSERTIONS = NO;
				ENABLE_STRICT_OBJC_MSGSEND = YES;
				GCC_C_LANGUAGE_STANDARD = gnu11;
				GCC_NO_COMMON_BLOCKS = YES;
				GCC_WARN_64_TO_32_BIT_CONVERSION = YES;
				GCC_WARN_ABOUT_RETURN_TYPE = YES_ERROR;
				GCC_WARN_UNDECLARED_SELECTOR = YES;
				GCC_WARN_UNINITIALIZED_AUTOS = YES_AGGRESSIVE;
				GCC_WARN_UNUSED_FUNCTION = YES;
				GCC_WARN_UNUSED_VARIABLE = YES;
				IPHONEOS_DEPLOYMENT_TARGET = 13.5;
				MTL_ENABLE_DEBUG_INFO = NO;
				MTL_FAST_MATH = YES;
				SDKROOT = iphoneos;
				SWIFT_COMPILATION_MODE = wholemodule;
				SWIFT_OPTIMIZATION_LEVEL = "-O";
				VALIDATE_PRODUCT = YES;
			};
			name = Release;
		};
		8F7259CD24ABFF61002EF3EB /* Debug */ = {
			isa = XCBuildConfiguration;
			buildSettings = {
				ASSETCATALOG_COMPILER_APPICON_NAME = AppIcon;
				CODE_SIGN_STYLE = Automatic;
				DEVELOPMENT_TEAM = 23798U4UH9;
				INFOPLIST_FILE = "Notes Clone/Info.plist";
				LD_RUNPATH_SEARCH_PATHS = (
					"$(inherited)",
					"@executable_path/Frameworks",
				);
				PRODUCT_BUNDLE_IDENTIFIER = "com.simerpreetSJassal.Notes-Clone";
				PRODUCT_NAME = "$(TARGET_NAME)";
				SWIFT_VERSION = 5.0;
				TARGETED_DEVICE_FAMILY = "1,2";
			};
			name = Debug;
		};
		8F7259CE24ABFF61002EF3EB /* Release */ = {
			isa = XCBuildConfiguration;
			buildSettings = {
				ASSETCATALOG_COMPILER_APPICON_NAME = AppIcon;
				CODE_SIGN_STYLE = Automatic;
				DEVELOPMENT_TEAM = 23798U4UH9;
				INFOPLIST_FILE = "Notes Clone/Info.plist";
				LD_RUNPATH_SEARCH_PATHS = (
					"$(inherited)",
					"@executable_path/Frameworks",
				);
				PRODUCT_BUNDLE_IDENTIFIER = "com.simerpreetSJassal.Notes-Clone";
				PRODUCT_NAME = "$(TARGET_NAME)";
				SWIFT_VERSION = 5.0;
				TARGETED_DEVICE_FAMILY = "1,2";
			};
			name = Release;
		};
/* End XCBuildConfiguration section */

/* Begin XCConfigurationList section */
		8F7259B324ABFF5D002EF3EB /* Build configuration list for PBXProject "Notes Clone" */ = {
			isa = XCConfigurationList;
			buildConfigurations = (
				8F7259CA24ABFF61002EF3EB /* Debug */,
				8F7259CB24ABFF61002EF3EB /* Release */,
			);
			defaultConfigurationIsVisible = 0;
			defaultConfigurationName = Release;
		};
		8F7259CC24ABFF61002EF3EB /* Build configuration list for PBXNativeTarget "Notes Clone" */ = {
			isa = XCConfigurationList;
			buildConfigurations = (
				8F7259CD24ABFF61002EF3EB /* Debug */,
				8F7259CE24ABFF61002EF3EB /* Release */,
			);
			defaultConfigurationIsVisible = 0;
			defaultConfigurationName = Release;
		};
/* End XCConfigurationList section */
	};
	rootObject = 8F7259B024ABFF5D002EF3EB /* Project object */;
}
